
Microsoft Visual Studio Solution File, Format Version 12.00
# Visual Studio 15
VisualStudioVersion = 15.0.26403.7
MinimumVisualStudioVersion = 10.0.40219.1
Project("{FAE04EC0-301F-11D3-BF4B-00C04F79EFBC}") = "Lab1", "Lab1\Lab1.csproj", "{0F692307-8347-48B9-B701-029FF2F56DAE}"
EndProject
Project("{FAE04EC0-301F-11D3-BF4B-00C04F79EFBC}") = "Lab1HW", "Lab1HW\Lab1HW.csproj", "{1EAA7EF5-22BE-4A89-B536-9BDEF0160463}"
EndProject
Project("{FAE04EC0-301F-11D3-BF4B-00C04F79EFBC}") = "Lab2", "Lab2\Lab2.csproj", "{CA5CE9B7-6EFE-4A26-BACC-AD0E45830A14}"
EndProject
Project("{FAE04EC0-301F-11D3-BF4B-00C04F79EFBC}") = "Lab2HW", "Lab2HW\Lab2HW.csproj", "{DC00DD74-0964-4399-8516-97CE2EAFB7C7}"
EndProject
Project("{FAE04EC0-301F-11D3-BF4B-00C04F79EFBC}") = "MVC Lab 4", "MVC Lab 4\MVC Lab 4.csproj", "{EF4EF5F2-D0ED-44C3-8366-81BE85256B8F}"
EndProject
Global
	GlobalSection(SolutionConfigurationPlatforms) = preSolution
		Debug|Any CPU = Debug|Any CPU
		Release|Any CPU = Release|Any CPU
	EndGlobalSection
	GlobalSection(ProjectConfigurationPlatforms) = postSolution
		{0F692307-8347-48B9-B701-029FF2F56DAE}.Debug|Any CPU.ActiveCfg = Debug|Any CPU
		{0F692307-8347-48B9-B701-029FF2F56DAE}.Debug|Any CPU.Build.0 = Debug|Any CPU
		{0F692307-8347-48B9-B701-029FF2F56DAE}.Release|Any CPU.ActiveCfg = Release|Any CPU
		{0F692307-8347-48B9-B701-029FF2F56DAE}.Release|Any CPU.Build.0 = Release|Any CPU
		{1EAA7EF5-22BE-4A89-B536-9BDEF0160463}.Debug|Any CPU.ActiveCfg = Debug|Any CPU
		{1EAA7EF5-22BE-4A89-B536-9BDEF0160463}.Debug|Any CPU.Build.0 = Debug|Any CPU
		{1EAA7EF5-22BE-4A89-B536-9BDEF0160463}.Release|Any CPU.ActiveCfg = Release|Any CPU
		{1EAA7EF5-22BE-4A89-B536-9BDEF0160463}.Release|Any CPU.Build.0 = Release|Any CPU
		{CA5CE9B7-6EFE-4A26-BACC-AD0E45830A14}.Debug|Any CPU.ActiveCfg = Debug|Any CPU
		{CA5CE9B7-6EFE-4A26-BACC-AD0E45830A14}.Debug|Any CPU.Build.0 = Debug|Any CPU
		{CA5CE9B7-6EFE-4A26-BACC-AD0E45830A14}.Release|Any CPU.ActiveCfg = Release|Any CPU
		{CA5CE9B7-6EFE-4A26-BACC-AD0E45830A14}.Release|Any CPU.Build.0 = Release|Any CPU
		{DC00DD74-0964-4399-8516-97CE2EAFB7C7}.Debug|Any CPU.ActiveCfg = Debug|Any CPU
		{DC00DD74-0964-4399-8516-97CE2EAFB7C7}.Debug|Any CPU.Build.0 = Debug|Any CPU
		{DC00DD74-0964-4399-8516-97CE2EAFB7C7}.Release|Any CPU.ActiveCfg = Release|Any CPU
		{DC00DD74-0964-4399-8516-97CE2EAFB7C7}.Release|Any CPU.Build.0 = Release|Any CPU
		{EF4EF5F2-D0ED-44C3-8366-81BE85256B8F}.Debug|Any CPU.ActiveCfg = Debug|Any CPU
		{EF4EF5F2-D0ED-44C3-8366-81BE85256B8F}.Debug|Any CPU.Build.0 = Debug|Any CPU
		{EF4EF5F2-D0ED-44C3-8366-81BE85256B8F}.Release|Any CPU.ActiveCfg = Release|Any CPU
		{EF4EF5F2-D0ED-44C3-8366-81BE85256B8F}.Release|Any CPU.Build.0 = Release|Any CPU
	EndGlobalSection
	GlobalSection(SolutionProperties) = preSolution
		HideSolutionNode = FALSE
	EndGlobalSection
	GlobalSection(ExtensibilityGlobals) = postSolution
		SolutionGuid = {571EFF39-63F5-4130-A1F7-2BE877DF8B6F}
	EndGlobalSection
EndGlobal
